
Microsoft Visual Studio Solution File, Format Version 12.00
# Visual Studio Version 17
VisualStudioVersion = 17.10.35122.118
MinimumVisualStudioVersion = 10.0.40219.1
Project("{FAE04EC0-301F-11D3-BF4B-00C04F79EFBC}") = "Practice", "Practice\Practice.csproj", "{9A0D085D-4CDE-4956-9E94-D24C7C0BBF07}"
EndProject
Project("{E24C65DC-7377-472B-9ABA-BC803B73C61A}") = "PracticeUI", "PracticeUI\", "{1794ABA9-8D62-4104-97BB-2A06CBA70B48}"
	ProjectSection(WebsiteProperties) = preProject
		TargetFrameworkMoniker = ".NETFramework,Version%3Dv4.8"
		Debug.AspNetCompiler.VirtualPath = "/localhost_57463"
		Debug.AspNetCompiler.PhysicalPath = "PracticeUI\"
		Debug.AspNetCompiler.TargetPath = "PrecompiledWeb\localhost_57463\"
		Debug.AspNetCompiler.Updateable = "true"
		Debug.AspNetCompiler.ForceOverwrite = "true"
		Debug.AspNetCompiler.FixedNames = "false"
		Debug.AspNetCompiler.Debug = "True"
		Release.AspNetCompiler.VirtualPath = "/localhost_57463"
		Release.AspNetCompiler.PhysicalPath = "PracticeUI\"
		Release.AspNetCompiler.TargetPath = "PrecompiledWeb\localhost_57463\"
		Release.AspNetCompiler.Updateable = "true"
		Release.AspNetCompiler.ForceOverwrite = "true"
		Release.AspNetCompiler.FixedNames = "false"
		Release.AspNetCompiler.Debug = "False"
		VWDPort = "57463"
		SlnRelativePath = "PracticeUI\"
	EndProjectSection
EndProject
Project("{2150E333-8FDC-42A3-9474-1A3956D46DE8}") = "WebAPI", "WebAPI", "{06C1BBC3-2F6C-40F2-8286-EF4D7375881F}"
EndProject
Project("{2150E333-8FDC-42A3-9474-1A3956D46DE8}") = "UI", "UI", "{F2E70D52-6428-4667-A771-C906382DB115}"
EndProject
Global
	GlobalSection(SolutionConfigurationPlatforms) = preSolution
		Debug|Any CPU = Debug|Any CPU
		Release|Any CPU = Release|Any CPU
	EndGlobalSection
	GlobalSection(ProjectConfigurationPlatforms) = postSolution
		{9A0D085D-4CDE-4956-9E94-D24C7C0BBF07}.Debug|Any CPU.ActiveCfg = Debug|Any CPU
		{9A0D085D-4CDE-4956-9E94-D24C7C0BBF07}.Debug|Any CPU.Build.0 = Debug|Any CPU
		{9A0D085D-4CDE-4956-9E94-D24C7C0BBF07}.Release|Any CPU.ActiveCfg = Release|Any CPU
		{9A0D085D-4CDE-4956-9E94-D24C7C0BBF07}.Release|Any CPU.Build.0 = Release|Any CPU
		{1794ABA9-8D62-4104-97BB-2A06CBA70B48}.Debug|Any CPU.ActiveCfg = Debug|Any CPU
		{1794ABA9-8D62-4104-97BB-2A06CBA70B48}.Debug|Any CPU.Build.0 = Debug|Any CPU
		{1794ABA9-8D62-4104-97BB-2A06CBA70B48}.Release|Any CPU.ActiveCfg = Debug|Any CPU
		{1794ABA9-8D62-4104-97BB-2A06CBA70B48}.Release|Any CPU.Build.0 = Debug|Any CPU
	EndGlobalSection
	GlobalSection(SolutionProperties) = preSolution
		HideSolutionNode = FALSE
	EndGlobalSection
	GlobalSection(NestedProjects) = preSolution
		{9A0D085D-4CDE-4956-9E94-D24C7C0BBF07} = {06C1BBC3-2F6C-40F2-8286-EF4D7375881F}
		{1794ABA9-8D62-4104-97BB-2A06CBA70B48} = {F2E70D52-6428-4667-A771-C906382DB115}
	EndGlobalSection
	GlobalSection(ExtensibilityGlobals) = postSolution
		SolutionGuid = {62E7F879-3814-4E45-B413-010A2CE4D93D}
	EndGlobalSection
EndGlobal
